
Microsoft Visual Studio Solution File, Format Version 12.00
# Visual Studio 15
VisualStudioVersion = 15.0.28307.705
MinimumVisualStudioVersion = 10.0.40219.1
Project("{8BC9CEB8-8B4A-11D0-8D11-00A0C91BC942}") = "Project6", "Project6\Project6.vcxproj", "{4FE8B946-B702-41B3-8DA1-2090DA41CAA8}"
EndProject
Global
	GlobalSection(SolutionConfigurationPlatforms) = preSolution
		Debug|x64 = Debug|x64
		Debug|x86 = Debug|x86
		Release|x64 = Release|x64
		Release|x86 = Release|x86
	EndGlobalSection
	GlobalSection(ProjectConfigurationPlatforms) = postSolution
		{4FE8B946-B702-41B3-8DA1-2090DA41CAA8}.Debug|x64.ActiveCfg = Debug|x64
		{4FE8B946-B702-41B3-8DA1-2090DA41CAA8}.Debug|x64.Build.0 = Debug|x64
		{4FE8B946-B702-41B3-8DA1-2090DA41CAA8}.Debug|x86.ActiveCfg = Debug|Win32
		{4FE8B946-B702-41B3-8DA1-2090DA41CAA8}.Debug|x86.Build.0 = Debug|Win32
		{4FE8B946-B702-41B3-8DA1-2090DA41CAA8}.Release|x64.ActiveCfg = Release|x64
		{4FE8B946-B702-41B3-8DA1-2090DA41CAA8}.Release|x64.Build.0 = Release|x64
		{4FE8B946-B702-41B3-8DA1-2090DA41CAA8}.Release|x86.ActiveCfg = Release|Win32
		{4FE8B946-B702-41B3-8DA1-2090DA41CAA8}.Release|x86.Build.0 = Release|Win32
	EndGlobalSection
	GlobalSection(SolutionProperties) = preSolution
		HideSolutionNode = FALSE
	EndGlobalSection
	GlobalSection(ExtensibilityGlobals) = postSolution
		SolutionGuid = {D44C8760-9E2B-4632-92F2-8EF8392B2B55}
	EndGlobalSection
EndGlobal
